// !$*UTF8*$!
{
	archiveVersion = 1;
	classes = {
	};
	objectVersion = 56;
	objects = {

/* Begin PBXBuildFile section */
		D86D775129EF094200BC6B82 /* AppDelegate.swift in Sources */ = {isa = PBXBuildFile; fileRef = D86D775029EF094200BC6B82 /* AppDelegate.swift */; };
		D86D775329EF094200BC6B82 /* SceneDelegate.swift in Sources */ = {isa = PBXBuildFile; fileRef = D86D775229EF094200BC6B82 /* SceneDelegate.swift */; };
		D86D775529EF094200BC6B82 /* RMTabBarController.swift in Sources */ = {isa = PBXBuildFile; fileRef = D86D775429EF094200BC6B82 /* RMTabBarController.swift */; };
		D86D775A29EF094400BC6B82 /* Assets.xcassets in Resources */ = {isa = PBXBuildFile; fileRef = D86D775929EF094400BC6B82 /* Assets.xcassets */; };
		D86D775D29EF094400BC6B82 /* LaunchScreen.storyboard in Resources */ = {isa = PBXBuildFile; fileRef = D86D775B29EF094400BC6B82 /* LaunchScreen.storyboard */; };
		D86D776D29EF0B8F00BC6B82 /* RMLocation.swift in Sources */ = {isa = PBXBuildFile; fileRef = D86D776C29EF0B8F00BC6B82 /* RMLocation.swift */; };
		D86D776F29EF0BA100BC6B82 /* RMCharacter.swift in Sources */ = {isa = PBXBuildFile; fileRef = D86D776E29EF0BA100BC6B82 /* RMCharacter.swift */; };
		D86D777229EF0BB900BC6B82 /* RMEpisode.swift in Sources */ = {isa = PBXBuildFile; fileRef = D86D777129EF0BB900BC6B82 /* RMEpisode.swift */; };
		D86D777529EF0D5A00BC6B82 /* RMLocationViewController.swift in Sources */ = {isa = PBXBuildFile; fileRef = D86D777429EF0D5A00BC6B82 /* RMLocationViewController.swift */; };
		D86D777729EF0D7600BC6B82 /* RMCharacterViewController.swift in Sources */ = {isa = PBXBuildFile; fileRef = D86D777629EF0D7600BC6B82 /* RMCharacterViewController.swift */; };
		D86D777929EF0D8C00BC6B82 /* RMEpisodeViewController.swift in Sources */ = {isa = PBXBuildFile; fileRef = D86D777829EF0D8C00BC6B82 /* RMEpisodeViewController.swift */; };
		D86D777B29EF0D9F00BC6B82 /* RMSettingsViewController.swift in Sources */ = {isa = PBXBuildFile; fileRef = D86D777A29EF0D9F00BC6B82 /* RMSettingsViewController.swift */; };
/* End PBXBuildFile section */

/* Begin PBXFileReference section */
		D86D774D29EF094200BC6B82 /* RickAndMorty.app */ = {isa = PBXFileReference; explicitFileType = wrapper.application; includeInIndex = 0; path = RickAndMorty.app; sourceTree = BUILT_PRODUCTS_DIR; };
		D86D775029EF094200BC6B82 /* AppDelegate.swift */ = {isa = PBXFileReference; lastKnownFileType = sourcecode.swift; path = AppDelegate.swift; sourceTree = "<group>"; };
		D86D775229EF094200BC6B82 /* SceneDelegate.swift */ = {isa = PBXFileReference; lastKnownFileType = sourcecode.swift; path = SceneDelegate.swift; sourceTree = "<group>"; };
		D86D775429EF094200BC6B82 /* RMTabBarController.swift */ = {isa = PBXFileReference; lastKnownFileType = sourcecode.swift; path = RMTabBarController.swift; sourceTree = "<group>"; };
		D86D775929EF094400BC6B82 /* Assets.xcassets */ = {isa = PBXFileReference; lastKnownFileType = folder.assetcatalog; path = Assets.xcassets; sourceTree = "<group>"; };
		D86D775C29EF094400BC6B82 /* Base */ = {isa = PBXFileReference; lastKnownFileType = file.storyboard; name = Base; path = Base.lproj/LaunchScreen.storyboard; sourceTree = "<group>"; };
		D86D775E29EF094400BC6B82 /* Info.plist */ = {isa = PBXFileReference; lastKnownFileType = text.plist.xml; path = Info.plist; sourceTree = "<group>"; };
		D86D776C29EF0B8F00BC6B82 /* RMLocation.swift */ = {isa = PBXFileReference; lastKnownFileType = sourcecode.swift; path = RMLocation.swift; sourceTree = "<group>"; };
		D86D776E29EF0BA100BC6B82 /* RMCharacter.swift */ = {isa = PBXFileReference; lastKnownFileType = sourcecode.swift; path = RMCharacter.swift; sourceTree = "<group>"; };
		D86D777129EF0BB900BC6B82 /* RMEpisode.swift */ = {isa = PBXFileReference; lastKnownFileType = sourcecode.swift; path = RMEpisode.swift; sourceTree = "<group>"; };
		D86D777429EF0D5A00BC6B82 /* RMLocationViewController.swift */ = {isa = PBXFileReference; lastKnownFileType = sourcecode.swift; path = RMLocationViewController.swift; sourceTree = "<group>"; };
		D86D777629EF0D7600BC6B82 /* RMCharacterViewController.swift */ = {isa = PBXFileReference; lastKnownFileType = sourcecode.swift; path = RMCharacterViewController.swift; sourceTree = "<group>"; };
		D86D777829EF0D8C00BC6B82 /* RMEpisodeViewController.swift */ = {isa = PBXFileReference; lastKnownFileType = sourcecode.swift; path = RMEpisodeViewController.swift; sourceTree = "<group>"; };
		D86D777A29EF0D9F00BC6B82 /* RMSettingsViewController.swift */ = {isa = PBXFileReference; lastKnownFileType = sourcecode.swift; path = RMSettingsViewController.swift; sourceTree = "<group>"; };
/* End PBXFileReference section */

/* Begin PBXFrameworksBuildPhase section */
		D86D774A29EF094200BC6B82 /* Frameworks */ = {
			isa = PBXFrameworksBuildPhase;
			buildActionMask = 2147483647;
			files = (
			);
			runOnlyForDeploymentPostprocessing = 0;
		};
/* End PBXFrameworksBuildPhase section */

/* Begin PBXGroup section */
		D86D774429EF094200BC6B82 = {
			isa = PBXGroup;
			children = (
				D86D774F29EF094200BC6B82 /* RickAndMorty */,
				D86D774E29EF094200BC6B82 /* Products */,
			);
			sourceTree = "<group>";
		};
		D86D774E29EF094200BC6B82 /* Products */ = {
			isa = PBXGroup;
			children = (
				D86D774D29EF094200BC6B82 /* RickAndMorty.app */,
			);
			name = Products;
			sourceTree = "<group>";
		};
		D86D774F29EF094200BC6B82 /* RickAndMorty */ = {
			isa = PBXGroup;
			children = (
				D86D776B29EF0AE700BC6B82 /* Resources */,
				D86D776A29EF0AD500BC6B82 /* Managers */,
				D86D776929EF0AC900BC6B82 /* APIClient */,
				D86D776829EF0ABC00BC6B82 /* ViewModels */,
				D86D776629EF0A9600BC6B82 /* Models */,
				D86D776529EF0A8800BC6B82 /* Views */,
				D86D776429EF0A7D00BC6B82 /* Controllers */,
				D86D775E29EF094400BC6B82 /* Info.plist */,
			);
			path = RickAndMorty;
			sourceTree = "<group>";
		};
		D86D776429EF0A7D00BC6B82 /* Controllers */ = {
			isa = PBXGroup;
			children = (
				D86D777329EF0C1000BC6B82 /* Core */,
			);
			path = Controllers;
			sourceTree = "<group>";
		};
		D86D776529EF0A8800BC6B82 /* Views */ = {
			isa = PBXGroup;
			children = (
			);
			path = Views;
			sourceTree = "<group>";
		};
		D86D776629EF0A9600BC6B82 /* Models */ = {
			isa = PBXGroup;
			children = (
				D86D776C29EF0B8F00BC6B82 /* RMLocation.swift */,
				D86D776E29EF0BA100BC6B82 /* RMCharacter.swift */,
				D86D777129EF0BB900BC6B82 /* RMEpisode.swift */,
			);
			path = Models;
			sourceTree = "<group>";
		};
		D86D776829EF0ABC00BC6B82 /* ViewModels */ = {
			isa = PBXGroup;
			children = (
			);
			path = ViewModels;
			sourceTree = "<group>";
		};
		D86D776929EF0AC900BC6B82 /* APIClient */ = {
			isa = PBXGroup;
			children = (
			);
			path = APIClient;
			sourceTree = "<group>";
		};
		D86D776A29EF0AD500BC6B82 /* Managers */ = {
			isa = PBXGroup;
			children = (
			);
			path = Managers;
			sourceTree = "<group>";
		};
		D86D776B29EF0AE700BC6B82 /* Resources */ = {
			isa = PBXGroup;
			children = (
				D86D775029EF094200BC6B82 /* AppDelegate.swift */,
				D86D775229EF094200BC6B82 /* SceneDelegate.swift */,
				D86D775929EF094400BC6B82 /* Assets.xcassets */,
				D86D775B29EF094400BC6B82 /* LaunchScreen.storyboard */,
			);
			path = Resources;
			sourceTree = "<group>";
		};
		D86D777329EF0C1000BC6B82 /* Core */ = {
			isa = PBXGroup;
			children = (
				D86D775429EF094200BC6B82 /* RMTabBarController.swift */,
				D86D777429EF0D5A00BC6B82 /* RMLocationViewController.swift */,
				D86D777629EF0D7600BC6B82 /* RMCharacterViewController.swift */,
				D86D777829EF0D8C00BC6B82 /* RMEpisodeViewController.swift */,
				D86D777A29EF0D9F00BC6B82 /* RMSettingsViewController.swift */,
			);
			path = Core;
			sourceTree = "<group>";
		};
/* End PBXGroup section */

/* Begin PBXNativeTarget section */
		D86D774C29EF094200BC6B82 /* RickAndMorty */ = {
			isa = PBXNativeTarget;
			buildConfigurationList = D86D776129EF094400BC6B82 /* Build configuration list for PBXNativeTarget "RickAndMorty" */;
			buildPhases = (
				D86D774929EF094200BC6B82 /* Sources */,
				D86D774A29EF094200BC6B82 /* Frameworks */,
				D86D774B29EF094200BC6B82 /* Resources */,
			);
			buildRules = (
			);
			dependencies = (
			);
			name = RickAndMorty;
			productName = RickAndMorty;
			productReference = D86D774D29EF094200BC6B82 /* RickAndMorty.app */;
			productType = "com.apple.product-type.application";
		};
/* End PBXNativeTarget section */

/* Begin PBXProject section */
		D86D774529EF094200BC6B82 /* Project object */ = {
			isa = PBXProject;
			attributes = {
				BuildIndependentTargetsInParallel = 1;
				LastSwiftUpdateCheck = 1430;
				LastUpgradeCheck = 1430;
				TargetAttributes = {
					D86D774C29EF094200BC6B82 = {
						CreatedOnToolsVersion = 14.3;
					};
				};
			};
			buildConfigurationList = D86D774829EF094200BC6B82 /* Build configuration list for PBXProject "RickAndMorty" */;
			compatibilityVersion = "Xcode 14.0";
			developmentRegion = en;
			hasScannedForEncodings = 0;
			knownRegions = (
				en,
				Base,
			);
			mainGroup = D86D774429EF094200BC6B82;
			productRefGroup = D86D774E29EF094200BC6B82 /* Products */;
			projectDirPath = "";
			projectRoot = "";
			targets = (
				D86D774C29EF094200BC6B82 /* RickAndMorty */,
			);
		};
/* End PBXProject section */

/* Begin PBXResourcesBuildPhase section */
		D86D774B29EF094200BC6B82 /* Resources */ = {
			isa = PBXResourcesBuildPhase;
			buildActionMask = 2147483647;
			files = (
				D86D775D29EF094400BC6B82 /* LaunchScreen.storyboard in Resources */,
				D86D775A29EF094400BC6B82 /* Assets.xcassets in Resources */,
			);
			runOnlyForDeploymentPostprocessing = 0;
		};
/* End PBXResourcesBuildPhase section */

/* Begin PBXSourcesBuildPhase section */
		D86D774929EF094200BC6B82 /* Sources */ = {
			isa = PBXSourcesBuildPhase;
			buildActionMask = 2147483647;
			files = (
				D86D777229EF0BB900BC6B82 /* RMEpisode.swift in Sources */,
				D86D775529EF094200BC6B82 /* RMTabBarController.swift in Sources */,
				D86D777529EF0D5A00BC6B82 /* RMLocationViewController.swift in Sources */,
				D86D777929EF0D8C00BC6B82 /* RMEpisodeViewController.swift in Sources */,
				D86D775129EF094200BC6B82 /* AppDelegate.swift in Sources */,
				D86D775329EF094200BC6B82 /* SceneDelegate.swift in Sources */,
				D86D777B29EF0D9F00BC6B82 /* RMSettingsViewController.swift in Sources */,
				D86D777729EF0D7600BC6B82 /* RMCharacterViewController.swift in Sources */,
				D86D776D29EF0B8F00BC6B82 /* RMLocation.swift in Sources */,
				D86D776F29EF0BA100BC6B82 /* RMCharacter.swift in Sources */,
			);
			runOnlyForDeploymentPostprocessing = 0;
		};
/* End PBXSourcesBuildPhase section */

/* Begin PBXVariantGroup section */
		D86D775B29EF094400BC6B82 /* LaunchScreen.storyboard */ = {
			isa = PBXVariantGroup;
			children = (
				D86D775C29EF094400BC6B82 /* Base */,
			);
			name = LaunchScreen.storyboard;
			sourceTree = "<group>";
		};
/* End PBXVariantGroup section */

/* Begin XCBuildConfiguration section */
		D86D775F29EF094400BC6B82 /* Debug */ = {
			isa = XCBuildConfiguration;
			buildSettings = {
				ALWAYS_SEARCH_USER_PATHS = NO;
				CLANG_ANALYZER_NONNULL = YES;
				CLANG_ANALYZER_NUMBER_OBJECT_CONVERSION = YES_AGGRESSIVE;
				CLANG_CXX_LANGUAGE_STANDARD = "gnu++20";
				CLANG_ENABLE_MODULES = YES;
				CLANG_ENABLE_OBJC_ARC = YES;
				CLANG_ENABLE_OBJC_WEAK = YES;
				CLANG_WARN_BLOCK_CAPTURE_AUTORELEASING = YES;
				CLANG_WARN_BOOL_CONVERSION = YES;
				CLANG_WARN_COMMA = YES;
				CLANG_WARN_CONSTANT_CONVERSION = YES;
				CLANG_WARN_DEPRECATED_OBJC_IMPLEMENTATIONS = YES;
				CLANG_WARN_DIRECT_OBJC_ISA_USAGE = YES_ERROR;
				CLANG_WARN_DOCUMENTATION_COMMENTS = YES;
				CLANG_WARN_EMPTY_BODY = YES;
				CLANG_WARN_ENUM_CONVERSION = YES;
				CLANG_WARN_INFINITE_RECURSION = YES;
				CLANG_WARN_INT_CONVERSION = YES;
				CLANG_WARN_NON_LITERAL_NULL_CONVERSION = YES;
				CLANG_WARN_OBJC_IMPLICIT_RETAIN_SELF = YES;
				CLANG_WARN_OBJC_LITERAL_CONVERSION = YES;
				CLANG_WARN_OBJC_ROOT_CLASS = YES_ERROR;
				CLANG_WARN_QUOTED_INCLUDE_IN_FRAMEWORK_HEADER = YES;
				CLANG_WARN_RANGE_LOOP_ANALYSIS = YES;
				CLANG_WARN_STRICT_PROTOTYPES = YES;
				CLANG_WARN_SUSPICIOUS_MOVE = YES;
				CLANG_WARN_UNGUARDED_AVAILABILITY = YES_AGGRESSIVE;
				CLANG_WARN_UNREACHABLE_CODE = YES;
				CLANG_WARN__DUPLICATE_METHOD_MATCH = YES;
				COPY_PHASE_STRIP = NO;
				DEBUG_INFORMATION_FORMAT = dwarf;
				ENABLE_STRICT_OBJC_MSGSEND = YES;
				ENABLE_TESTABILITY = YES;
				GCC_C_LANGUAGE_STANDARD = gnu11;
				GCC_DYNAMIC_NO_PIC = NO;
				GCC_NO_COMMON_BLOCKS = YES;
				GCC_OPTIMIZATION_LEVEL = 0;
				GCC_PREPROCESSOR_DEFINITIONS = (
					"DEBUG=1",
					"$(inherited)",
				);
				GCC_WARN_64_TO_32_BIT_CONVERSION = YES;
				GCC_WARN_ABOUT_RETURN_TYPE = YES_ERROR;
				GCC_WARN_UNDECLARED_SELECTOR = YES;
				GCC_WARN_UNINITIALIZED_AUTOS = YES_AGGRESSIVE;
				GCC_WARN_UNUSED_FUNCTION = YES;
				GCC_WARN_UNUSED_VARIABLE = YES;
				IPHONEOS_DEPLOYMENT_TARGET = 16.4;
				MTL_ENABLE_DEBUG_INFO = INCLUDE_SOURCE;
				MTL_FAST_MATH = YES;
				ONLY_ACTIVE_ARCH = YES;
				SDKROOT = iphoneos;
				SWIFT_ACTIVE_COMPILATION_CONDITIONS = DEBUG;
				SWIFT_OPTIMIZATION_LEVEL = "-Onone";
			};
			name = Debug;
		};
		D86D776029EF094400BC6B82 /* Release */ = {
			isa = XCBuildConfiguration;
			buildSettings = {
				ALWAYS_SEARCH_USER_PATHS = NO;
				CLANG_ANALYZER_NONNULL = YES;
				CLANG_ANALYZER_NUMBER_OBJECT_CONVERSION = YES_AGGRESSIVE;
				CLANG_CXX_LANGUAGE_STANDARD = "gnu++20";
				CLANG_ENABLE_MODULES = YES;
				CLANG_ENABLE_OBJC_ARC = YES;
				CLANG_ENABLE_OBJC_WEAK = YES;
				CLANG_WARN_BLOCK_CAPTURE_AUTORELEASING = YES;
				CLANG_WARN_BOOL_CONVERSION = YES;
				CLANG_WARN_COMMA = YES;
				CLANG_WARN_CONSTANT_CONVERSION = YES;
				CLANG_WARN_DEPRECATED_OBJC_IMPLEMENTATIONS = YES;
				CLANG_WARN_DIRECT_OBJC_ISA_USAGE = YES_ERROR;
				CLANG_WARN_DOCUMENTATION_COMMENTS = YES;
				CLANG_WARN_EMPTY_BODY = YES;
				CLANG_WARN_ENUM_CONVERSION = YES;
				CLANG_WARN_INFINITE_RECURSION = YES;
				CLANG_WARN_INT_CONVERSION = YES;
				CLANG_WARN_NON_LITERAL_NULL_CONVERSION = YES;
				CLANG_WARN_OBJC_IMPLICIT_RETAIN_SELF = YES;
				CLANG_WARN_OBJC_LITERAL_CONVERSION = YES;
				CLANG_WARN_OBJC_ROOT_CLASS = YES_ERROR;
				CLANG_WARN_QUOTED_INCLUDE_IN_FRAMEWORK_HEADER = YES;
				CLANG_WARN_RANGE_LOOP_ANALYSIS = YES;
				CLANG_WARN_STRICT_PROTOTYPES = YES;
				CLANG_WARN_SUSPICIOUS_MOVE = YES;
				CLANG_WARN_UNGUARDED_AVAILABILITY = YES_AGGRESSIVE;
				CLANG_WARN_UNREACHABLE_CODE = YES;
				CLANG_WARN__DUPLICATE_METHOD_MATCH = YES;
				COPY_PHASE_STRIP = NO;
				DEBUG_INFORMATION_FORMAT = "dwarf-with-dsym";
				ENABLE_NS_ASSERTIONS = NO;
				ENABLE_STRICT_OBJC_MSGSEND = YES;
				GCC_C_LANGUAGE_STANDARD = gnu11;
				GCC_NO_COMMON_BLOCKS = YES;
				GCC_WARN_64_TO_32_BIT_CONVERSION = YES;
				GCC_WARN_ABOUT_RETURN_TYPE = YES_ERROR;
				GCC_WARN_UNDECLARED_SELECTOR = YES;
				GCC_WARN_UNINITIALIZED_AUTOS = YES_AGGRESSIVE;
				GCC_WARN_UNUSED_FUNCTION = YES;
				GCC_WARN_UNUSED_VARIABLE = YES;
				IPHONEOS_DEPLOYMENT_TARGET = 16.4;
				MTL_ENABLE_DEBUG_INFO = NO;
				MTL_FAST_MATH = YES;
				SDKROOT = iphoneos;
				SWIFT_COMPILATION_MODE = wholemodule;
				SWIFT_OPTIMIZATION_LEVEL = "-O";
				VALIDATE_PRODUCT = YES;
			};
			name = Release;
		};
		D86D776229EF094400BC6B82 /* Debug */ = {
			isa = XCBuildConfiguration;
			buildSettings = {
				ASSETCATALOG_COMPILER_APPICON_NAME = AppIcon;
				ASSETCATALOG_COMPILER_GLOBAL_ACCENT_COLOR_NAME = AccentColor;
				CODE_SIGN_STYLE = Automatic;
				CURRENT_PROJECT_VERSION = 1;
				GENERATE_INFOPLIST_FILE = YES;
				INFOPLIST_FILE = RickAndMorty/Info.plist;
				INFOPLIST_KEY_UIApplicationSupportsIndirectInputEvents = YES;
				INFOPLIST_KEY_UILaunchStoryboardName = LaunchScreen;
				INFOPLIST_KEY_UISupportedInterfaceOrientations_iPad = "UIInterfaceOrientationPortrait UIInterfaceOrientationPortraitUpsideDown UIInterfaceOrientationLandscapeLeft UIInterfaceOrientationLandscapeRight";
				INFOPLIST_KEY_UISupportedInterfaceOrientations_iPhone = "UIInterfaceOrientationPortrait UIInterfaceOrientationLandscapeLeft UIInterfaceOrientationLandscapeRight";
				LD_RUNPATH_SEARCH_PATHS = (
					"$(inherited)",
					"@executable_path/Frameworks",
				);
				MARKETING_VERSION = 1.0;
				PRODUCT_BUNDLE_IDENTIFIER = Arken.RickAndMorty;
				PRODUCT_NAME = "$(TARGET_NAME)";
				SWIFT_EMIT_LOC_STRINGS = YES;
				SWIFT_VERSION = 5.0;
				TARGETED_DEVICE_FAMILY = "1,2";
			};
			name = Debug;
		};
		D86D776329EF094400BC6B82 /* Release */ = {
			isa = XCBuildConfiguration;
			buildSettings = {
				ASSETCATALOG_COMPILER_APPICON_NAME = AppIcon;
				ASSETCATALOG_COMPILER_GLOBAL_ACCENT_COLOR_NAME = AccentColor;
				CODE_SIGN_STYLE = Automatic;
				CURRENT_PROJECT_VERSION = 1;
				GENERATE_INFOPLIST_FILE = YES;
				INFOPLIST_FILE = RickAndMorty/Info.plist;
				INFOPLIST_KEY_UIApplicationSupportsIndirectInputEvents = YES;
				INFOPLIST_KEY_UILaunchStoryboardName = LaunchScreen;
				INFOPLIST_KEY_UISupportedInterfaceOrientations_iPad = "UIInterfaceOrientationPortrait UIInterfaceOrientationPortraitUpsideDown UIInterfaceOrientationLandscapeLeft UIInterfaceOrientationLandscapeRight";
				INFOPLIST_KEY_UISupportedInterfaceOrientations_iPhone = "UIInterfaceOrientationPortrait UIInterfaceOrientationLandscapeLeft UIInterfaceOrientationLandscapeRight";
				LD_RUNPATH_SEARCH_PATHS = (
					"$(inherited)",
					"@executable_path/Frameworks",
				);
				MARKETING_VERSION = 1.0;
				PRODUCT_BUNDLE_IDENTIFIER = Arken.RickAndMorty;
				PRODUCT_NAME = "$(TARGET_NAME)";
				SWIFT_EMIT_LOC_STRINGS = YES;
				SWIFT_VERSION = 5.0;
				TARGETED_DEVICE_FAMILY = "1,2";
			};
			name = Release;
		};
/* End XCBuildConfiguration section */

/* Begin XCConfigurationList section */
		D86D774829EF094200BC6B82 /* Build configuration list for PBXProject "RickAndMorty" */ = {
			isa = XCConfigurationList;
			buildConfigurations = (
				D86D775F29EF094400BC6B82 /* Debug */,
				D86D776029EF094400BC6B82 /* Release */,
			);
			defaultConfigurationIsVisible = 0;
			defaultConfigurationName = Release;
		};
		D86D776129EF094400BC6B82 /* Build configuration list for PBXNativeTarget "RickAndMorty" */ = {
			isa = XCConfigurationList;
			buildConfigurations = (
				D86D776229EF094400BC6B82 /* Debug */,
				D86D776329EF094400BC6B82 /* Release */,
			);
			defaultConfigurationIsVisible = 0;
			defaultConfigurationName = Release;
		};
/* End XCConfigurationList section */
	};
	rootObject = D86D774529EF094200BC6B82 /* Project object */;
}
